
Microsoft Visual Studio Solution File, Format Version 12.00
# Visual Studio Version 17
VisualStudioVersion = 17.0.31912.275
MinimumVisualStudioVersion = 10.0.40219.1
Project("{FAE04EC0-301F-11D3-BF4B-00C04F79EFBC}") = "Caixa.ApiOpenInsurence.CanaisAtendimento.Api", "Caixa.ApiOpenInsurence.CanaisAtendimento.Api\Caixa.ApiOpenInsurence.CanaisAtendimento.Api.csproj", "{49AFB530-70A3-4A3A-8933-C8C6F7719362}"
EndProject
Global
	GlobalSection(SolutionConfigurationPlatforms) = preSolution
		Debug|Any CPU = Debug|Any CPU
		Release|Any CPU = Release|Any CPU
	EndGlobalSection
	GlobalSection(ProjectConfigurationPlatforms) = postSolution
		{49AFB530-70A3-4A3A-8933-C8C6F7719362}.Debug|Any CPU.ActiveCfg = Debug|Any CPU
		{49AFB530-70A3-4A3A-8933-C8C6F7719362}.Debug|Any CPU.Build.0 = Debug|Any CPU
		{49AFB530-70A3-4A3A-8933-C8C6F7719362}.Release|Any CPU.ActiveCfg = Release|Any CPU
		{49AFB530-70A3-4A3A-8933-C8C6F7719362}.Release|Any CPU.Build.0 = Release|Any CPU
	EndGlobalSection
	GlobalSection(SolutionProperties) = preSolution
		HideSolutionNode = FALSE
	EndGlobalSection
	GlobalSection(ExtensibilityGlobals) = postSolution
		SolutionGuid = {D26941CE-6C8D-4795-BA4A-6270762CC07C}
	EndGlobalSection
EndGlobal
